
Microsoft Visual Studio Solution File, Format Version 12.00
# Visual Studio Version 17
VisualStudioVersion = 17.14.36327.8 d17.14
MinimumVisualStudioVersion = 10.0.40219.1
Project("{FAE04EC0-301F-11D3-BF4B-00C04F79EFBC}") = "WPFClient", "WPFClient.csproj", "{A8F5A38C-17D4-4952-B4CA-F8F396A2C038}"
EndProject
Project("{FAE04EC0-301F-11D3-BF4B-00C04F79EFBC}") = "WPFServer", "..\WPFServer\WPFServer.csproj", "{58E35D00-FF48-4DA8-B60D-AB8DDC742FE0}"
EndProject
Global
	GlobalSection(SolutionConfigurationPlatforms) = preSolution
		Debug|Any CPU = Debug|Any CPU
		Release|Any CPU = Release|Any CPU
	EndGlobalSection
	GlobalSection(ProjectConfigurationPlatforms) = postSolution
		{A8F5A38C-17D4-4952-B4CA-F8F396A2C038}.Debug|Any CPU.ActiveCfg = Debug|Any CPU
		{A8F5A38C-17D4-4952-B4CA-F8F396A2C038}.Debug|Any CPU.Build.0 = Debug|Any CPU
		{A8F5A38C-17D4-4952-B4CA-F8F396A2C038}.Release|Any CPU.ActiveCfg = Release|Any CPU
		{A8F5A38C-17D4-4952-B4CA-F8F396A2C038}.Release|Any CPU.Build.0 = Release|Any CPU
		{58E35D00-FF48-4DA8-B60D-AB8DDC742FE0}.Debug|Any CPU.ActiveCfg = Debug|Any CPU
		{58E35D00-FF48-4DA8-B60D-AB8DDC742FE0}.Debug|Any CPU.Build.0 = Debug|Any CPU
		{58E35D00-FF48-4DA8-B60D-AB8DDC742FE0}.Release|Any CPU.ActiveCfg = Release|Any CPU
		{58E35D00-FF48-4DA8-B60D-AB8DDC742FE0}.Release|Any CPU.Build.0 = Release|Any CPU
	EndGlobalSection
	GlobalSection(SolutionProperties) = preSolution
		HideSolutionNode = FALSE
	EndGlobalSection
	GlobalSection(ExtensibilityGlobals) = postSolution
		SolutionGuid = {DC93BEB1-3ED5-4726-979F-4CC7991E18A9}
	EndGlobalSection
EndGlobal
